
Microsoft Visual Studio Solution File, Format Version 12.00
# Visual Studio Version 17
VisualStudioVersion = 17.4.33205.214
MinimumVisualStudioVersion = 10.0.40219.1
Project("{FAE04EC0-301F-11D3-BF4B-00C04F79EFBC}") = "ConsoleApp1", "ConsoleApp1.csproj", "{534B1797-7B26-49D0-9492-7AFE77EA509B}"
EndProject
Project("{FAE04EC0-301F-11D3-BF4B-00C04F79EFBC}") = "Encrypted_lib", "..\Encrypted_lib\Encrypted_lib.csproj", "{D75D00C8-445F-4D21-9BED-0A1D4E5414FF}"
EndProject
Global
	GlobalSection(SolutionConfigurationPlatforms) = preSolution
		Debug|Any CPU = Debug|Any CPU
		Release|Any CPU = Release|Any CPU
	EndGlobalSection
	GlobalSection(ProjectConfigurationPlatforms) = postSolution
		{534B1797-7B26-49D0-9492-7AFE77EA509B}.Debug|Any CPU.ActiveCfg = Debug|Any CPU
		{534B1797-7B26-49D0-9492-7AFE77EA509B}.Debug|Any CPU.Build.0 = Debug|Any CPU
		{534B1797-7B26-49D0-9492-7AFE77EA509B}.Release|Any CPU.ActiveCfg = Release|Any CPU
		{534B1797-7B26-49D0-9492-7AFE77EA509B}.Release|Any CPU.Build.0 = Release|Any CPU
		{D75D00C8-445F-4D21-9BED-0A1D4E5414FF}.Debug|Any CPU.ActiveCfg = Debug|Any CPU
		{D75D00C8-445F-4D21-9BED-0A1D4E5414FF}.Debug|Any CPU.Build.0 = Debug|Any CPU
		{D75D00C8-445F-4D21-9BED-0A1D4E5414FF}.Release|Any CPU.ActiveCfg = Release|Any CPU
		{D75D00C8-445F-4D21-9BED-0A1D4E5414FF}.Release|Any CPU.Build.0 = Release|Any CPU
	EndGlobalSection
	GlobalSection(SolutionProperties) = preSolution
		HideSolutionNode = FALSE
	EndGlobalSection
	GlobalSection(ExtensibilityGlobals) = postSolution
		SolutionGuid = {B3EAD918-8FC9-47A2-BD76-921F8C5C3974}
	EndGlobalSection
EndGlobal
